
Microsoft Visual Studio Solution File, Format Version 12.00
# Visual Studio Version 16
VisualStudioVersion = 16.0.29319.158
MinimumVisualStudioVersion = 10.0.40219.1
Project("{2150E333-8FDC-42A3-9474-1A3956D46DE8}") = "TipCalculator", "TipCalculator", "{9DF65EE0-03A2-420C-ADD5-3F480A3D1F73}"
EndProject
Project("{9A19103F-16F7-4668-BE54-9A1E7A4F7556}") = "TipCalculator.Core", "TipCalculator.Core\TipCalculator.Core.csproj", "{67CD7962-38EB-4599-B75E-E3543512F265}"
EndProject
Project("{FAE04EC0-301F-11D3-BF4B-00C04F79EFBC}") = "TipCalculator.Android", "TipCalculator.Android\TipCalculator.Android.csproj", "{F812DF91-F621-414D-8BB1-9F6704906B03}"
EndProject
Project("{2150E333-8FDC-42A3-9474-1A3956D46DE8}") = "Factorial", "Factorial", "{45F3B9B7-ABB0-42B5-82BD-78BCA9A663BF}"
EndProject
Project("{9A19103F-16F7-4668-BE54-9A1E7A4F7556}") = "Factorial.Core", "Factorial.Core\Factorial.Core.csproj", "{61EC1BD6-AA11-41E3-A72E-2F1121125474}"
EndProject
Project("{FAE04EC0-301F-11D3-BF4B-00C04F79EFBC}") = "Factorial.Android", "Factorial.Android\Factorial.Android.csproj", "{CA531B8E-A60F-4CE6-BE90-26EFE0A9F3A2}"
EndProject
Project("{2150E333-8FDC-42A3-9474-1A3956D46DE8}") = "SerieTaylor", "SerieTaylor", "{16EBE5CD-EFFE-4AC8-B3C2-CD2C3C06E46B}"
EndProject
Project("{9A19103F-16F7-4668-BE54-9A1E7A4F7556}") = "SerieTaylor.Core", "SerieTaylor.Core\SerieTaylor.Core.csproj", "{F3CFBF6C-0D5C-4D6F-8E19-738422E21517}"
EndProject
Project("{FAE04EC0-301F-11D3-BF4B-00C04F79EFBC}") = "SerieTaylor.Android", "SerieTaylor.Android\SerieTaylor.Android.csproj", "{700C6CFC-2229-429F-902C-C88E8C1E5846}"
EndProject
Project("{2150E333-8FDC-42A3-9474-1A3956D46DE8}") = "SerieTaylorModified", "SerieTaylorModified", "{92977BEA-3B49-425A-9BB7-F074FFA4D5C6}"
EndProject
Project("{9A19103F-16F7-4668-BE54-9A1E7A4F7556}") = "SerieTaylorModified.Core", "SerieTaylorModified.Core\SerieTaylorModified.Core.csproj", "{C6DAB48B-16D2-48F7-85A7-10ACAC916731}"
EndProject
Project("{FAE04EC0-301F-11D3-BF4B-00C04F79EFBC}") = "SerieTaylorModified.Android", "SerieTaylorModified.Android\SerieTaylorModified.Android.csproj", "{04D741C5-8B89-402D-8D16-933D753BA48D}"
EndProject
Project("{2150E333-8FDC-42A3-9474-1A3956D46DE8}") = "QuadraticEquations", "QuadraticEquations", "{B925C9F0-4B08-452E-9541-1348F104B272}"
EndProject
Project("{9A19103F-16F7-4668-BE54-9A1E7A4F7556}") = "QuadraticEquations.Core", "QuadraticEquations.Core\QuadraticEquations.Core.csproj", "{13E46CE7-7DDB-45A7-ABF1-5F3C69A0D608}"
EndProject
Project("{FAE04EC0-301F-11D3-BF4B-00C04F79EFBC}") = "QuadraticEquations.Android", "QuadraticEquations.Android\QuadraticEquations.Android.csproj", "{B47CD891-FF71-41DF-8DEF-A3A06891DD0D}"
EndProject
Project("{2150E333-8FDC-42A3-9474-1A3956D46DE8}") = "SerieFibonacci", "SerieFibonacci", "{FF42EF27-E913-45CA-A926-66414B40E6B2}"
EndProject
Project("{FAE04EC0-301F-11D3-BF4B-00C04F79EFBC}") = "SerieFibonacci.Android", "SerieFibonacci.Android\SerieFibonacci.Android.csproj", "{51A036BA-AB52-4D73-87E4-CB60AC51B39B}"
EndProject
Project("{FAE04EC0-301F-11D3-BF4B-00C04F79EFBC}") = "SerieFibonacci.Core", "SerieFibonacci.Core\SerieFibonacci.Core.csproj", "{49BCF13F-44A0-4C49-9850-3DA29111F1C1}"
EndProject
Global
	GlobalSection(SolutionConfigurationPlatforms) = preSolution
		Debug|Any CPU = Debug|Any CPU
		Release|Any CPU = Release|Any CPU
	EndGlobalSection
	GlobalSection(ProjectConfigurationPlatforms) = postSolution
		{67CD7962-38EB-4599-B75E-E3543512F265}.Debug|Any CPU.ActiveCfg = Debug|Any CPU
		{67CD7962-38EB-4599-B75E-E3543512F265}.Debug|Any CPU.Build.0 = Debug|Any CPU
		{67CD7962-38EB-4599-B75E-E3543512F265}.Release|Any CPU.ActiveCfg = Release|Any CPU
		{67CD7962-38EB-4599-B75E-E3543512F265}.Release|Any CPU.Build.0 = Release|Any CPU
		{F812DF91-F621-414D-8BB1-9F6704906B03}.Debug|Any CPU.ActiveCfg = Debug|Any CPU
		{F812DF91-F621-414D-8BB1-9F6704906B03}.Debug|Any CPU.Build.0 = Debug|Any CPU
		{F812DF91-F621-414D-8BB1-9F6704906B03}.Debug|Any CPU.Deploy.0 = Debug|Any CPU
		{F812DF91-F621-414D-8BB1-9F6704906B03}.Release|Any CPU.ActiveCfg = Release|Any CPU
		{F812DF91-F621-414D-8BB1-9F6704906B03}.Release|Any CPU.Build.0 = Release|Any CPU
		{F812DF91-F621-414D-8BB1-9F6704906B03}.Release|Any CPU.Deploy.0 = Release|Any CPU
		{61EC1BD6-AA11-41E3-A72E-2F1121125474}.Debug|Any CPU.ActiveCfg = Debug|Any CPU
		{61EC1BD6-AA11-41E3-A72E-2F1121125474}.Debug|Any CPU.Build.0 = Debug|Any CPU
		{61EC1BD6-AA11-41E3-A72E-2F1121125474}.Release|Any CPU.ActiveCfg = Release|Any CPU
		{61EC1BD6-AA11-41E3-A72E-2F1121125474}.Release|Any CPU.Build.0 = Release|Any CPU
		{CA531B8E-A60F-4CE6-BE90-26EFE0A9F3A2}.Debug|Any CPU.ActiveCfg = Debug|Any CPU
		{CA531B8E-A60F-4CE6-BE90-26EFE0A9F3A2}.Debug|Any CPU.Build.0 = Debug|Any CPU
		{CA531B8E-A60F-4CE6-BE90-26EFE0A9F3A2}.Debug|Any CPU.Deploy.0 = Debug|Any CPU
		{CA531B8E-A60F-4CE6-BE90-26EFE0A9F3A2}.Release|Any CPU.ActiveCfg = Release|Any CPU
		{CA531B8E-A60F-4CE6-BE90-26EFE0A9F3A2}.Release|Any CPU.Build.0 = Release|Any CPU
		{CA531B8E-A60F-4CE6-BE90-26EFE0A9F3A2}.Release|Any CPU.Deploy.0 = Release|Any CPU
		{F3CFBF6C-0D5C-4D6F-8E19-738422E21517}.Debug|Any CPU.ActiveCfg = Debug|Any CPU
		{F3CFBF6C-0D5C-4D6F-8E19-738422E21517}.Debug|Any CPU.Build.0 = Debug|Any CPU
		{F3CFBF6C-0D5C-4D6F-8E19-738422E21517}.Release|Any CPU.ActiveCfg = Release|Any CPU
		{F3CFBF6C-0D5C-4D6F-8E19-738422E21517}.Release|Any CPU.Build.0 = Release|Any CPU
		{700C6CFC-2229-429F-902C-C88E8C1E5846}.Debug|Any CPU.ActiveCfg = Debug|Any CPU
		{700C6CFC-2229-429F-902C-C88E8C1E5846}.Debug|Any CPU.Build.0 = Debug|Any CPU
		{700C6CFC-2229-429F-902C-C88E8C1E5846}.Debug|Any CPU.Deploy.0 = Debug|Any CPU
		{700C6CFC-2229-429F-902C-C88E8C1E5846}.Release|Any CPU.ActiveCfg = Release|Any CPU
		{700C6CFC-2229-429F-902C-C88E8C1E5846}.Release|Any CPU.Build.0 = Release|Any CPU
		{700C6CFC-2229-429F-902C-C88E8C1E5846}.Release|Any CPU.Deploy.0 = Release|Any CPU
		{C6DAB48B-16D2-48F7-85A7-10ACAC916731}.Debug|Any CPU.ActiveCfg = Debug|Any CPU
		{C6DAB48B-16D2-48F7-85A7-10ACAC916731}.Debug|Any CPU.Build.0 = Debug|Any CPU
		{C6DAB48B-16D2-48F7-85A7-10ACAC916731}.Release|Any CPU.ActiveCfg = Release|Any CPU
		{C6DAB48B-16D2-48F7-85A7-10ACAC916731}.Release|Any CPU.Build.0 = Release|Any CPU
		{04D741C5-8B89-402D-8D16-933D753BA48D}.Debug|Any CPU.ActiveCfg = Debug|Any CPU
		{04D741C5-8B89-402D-8D16-933D753BA48D}.Debug|Any CPU.Build.0 = Debug|Any CPU
		{04D741C5-8B89-402D-8D16-933D753BA48D}.Debug|Any CPU.Deploy.0 = Debug|Any CPU
		{04D741C5-8B89-402D-8D16-933D753BA48D}.Release|Any CPU.ActiveCfg = Release|Any CPU
		{04D741C5-8B89-402D-8D16-933D753BA48D}.Release|Any CPU.Build.0 = Release|Any CPU
		{04D741C5-8B89-402D-8D16-933D753BA48D}.Release|Any CPU.Deploy.0 = Release|Any CPU
		{13E46CE7-7DDB-45A7-ABF1-5F3C69A0D608}.Debug|Any CPU.ActiveCfg = Debug|Any CPU
		{13E46CE7-7DDB-45A7-ABF1-5F3C69A0D608}.Debug|Any CPU.Build.0 = Debug|Any CPU
		{13E46CE7-7DDB-45A7-ABF1-5F3C69A0D608}.Release|Any CPU.ActiveCfg = Release|Any CPU
		{13E46CE7-7DDB-45A7-ABF1-5F3C69A0D608}.Release|Any CPU.Build.0 = Release|Any CPU
		{B47CD891-FF71-41DF-8DEF-A3A06891DD0D}.Debug|Any CPU.ActiveCfg = Debug|Any CPU
		{B47CD891-FF71-41DF-8DEF-A3A06891DD0D}.Debug|Any CPU.Build.0 = Debug|Any CPU
		{B47CD891-FF71-41DF-8DEF-A3A06891DD0D}.Debug|Any CPU.Deploy.0 = Debug|Any CPU
		{B47CD891-FF71-41DF-8DEF-A3A06891DD0D}.Release|Any CPU.ActiveCfg = Release|Any CPU
		{B47CD891-FF71-41DF-8DEF-A3A06891DD0D}.Release|Any CPU.Build.0 = Release|Any CPU
		{B47CD891-FF71-41DF-8DEF-A3A06891DD0D}.Release|Any CPU.Deploy.0 = Release|Any CPU
		{51A036BA-AB52-4D73-87E4-CB60AC51B39B}.Debug|Any CPU.ActiveCfg = Debug|Any CPU
		{51A036BA-AB52-4D73-87E4-CB60AC51B39B}.Debug|Any CPU.Build.0 = Debug|Any CPU
		{51A036BA-AB52-4D73-87E4-CB60AC51B39B}.Debug|Any CPU.Deploy.0 = Debug|Any CPU
		{51A036BA-AB52-4D73-87E4-CB60AC51B39B}.Release|Any CPU.ActiveCfg = Release|Any CPU
		{51A036BA-AB52-4D73-87E4-CB60AC51B39B}.Release|Any CPU.Build.0 = Release|Any CPU
		{51A036BA-AB52-4D73-87E4-CB60AC51B39B}.Release|Any CPU.Deploy.0 = Release|Any CPU
		{49BCF13F-44A0-4C49-9850-3DA29111F1C1}.Debug|Any CPU.ActiveCfg = Debug|Any CPU
		{49BCF13F-44A0-4C49-9850-3DA29111F1C1}.Debug|Any CPU.Build.0 = Debug|Any CPU
		{49BCF13F-44A0-4C49-9850-3DA29111F1C1}.Release|Any CPU.ActiveCfg = Release|Any CPU
		{49BCF13F-44A0-4C49-9850-3DA29111F1C1}.Release|Any CPU.Build.0 = Release|Any CPU
	EndGlobalSection
	GlobalSection(SolutionProperties) = preSolution
		HideSolutionNode = FALSE
	EndGlobalSection
	GlobalSection(NestedProjects) = preSolution
		{67CD7962-38EB-4599-B75E-E3543512F265} = {9DF65EE0-03A2-420C-ADD5-3F480A3D1F73}
		{F812DF91-F621-414D-8BB1-9F6704906B03} = {9DF65EE0-03A2-420C-ADD5-3F480A3D1F73}
		{61EC1BD6-AA11-41E3-A72E-2F1121125474} = {45F3B9B7-ABB0-42B5-82BD-78BCA9A663BF}
		{CA531B8E-A60F-4CE6-BE90-26EFE0A9F3A2} = {45F3B9B7-ABB0-42B5-82BD-78BCA9A663BF}
		{F3CFBF6C-0D5C-4D6F-8E19-738422E21517} = {16EBE5CD-EFFE-4AC8-B3C2-CD2C3C06E46B}
		{700C6CFC-2229-429F-902C-C88E8C1E5846} = {16EBE5CD-EFFE-4AC8-B3C2-CD2C3C06E46B}
		{C6DAB48B-16D2-48F7-85A7-10ACAC916731} = {92977BEA-3B49-425A-9BB7-F074FFA4D5C6}
		{04D741C5-8B89-402D-8D16-933D753BA48D} = {92977BEA-3B49-425A-9BB7-F074FFA4D5C6}
		{13E46CE7-7DDB-45A7-ABF1-5F3C69A0D608} = {B925C9F0-4B08-452E-9541-1348F104B272}
		{B47CD891-FF71-41DF-8DEF-A3A06891DD0D} = {B925C9F0-4B08-452E-9541-1348F104B272}
		{51A036BA-AB52-4D73-87E4-CB60AC51B39B} = {FF42EF27-E913-45CA-A926-66414B40E6B2}
		{49BCF13F-44A0-4C49-9850-3DA29111F1C1} = {FF42EF27-E913-45CA-A926-66414B40E6B2}
	EndGlobalSection
	GlobalSection(ExtensibilityGlobals) = postSolution
		SolutionGuid = {7A23212E-BF13-441B-87AD-F4603434204D}
	EndGlobalSection
EndGlobal
